// !$*UTF8*$!
{
	archiveVersion = 1;
	classes = {
	};
	objectVersion = 50;
	objects = {

/* Begin PBXBuildFile section */
		601EFCCE227F8D97001D676A /* MessageAnnotation.swift in Sources */ = {isa = PBXBuildFile; fileRef = 601EFCCD227F8D97001D676A /* MessageAnnotation.swift */; };
		601EFCD0227F8DF2001D676A /* MessageAnnotationView.swift in Sources */ = {isa = PBXBuildFile; fileRef = 601EFCCF227F8DF2001D676A /* MessageAnnotationView.swift */; };
		601EFCD4227F96A4001D676A /* yak.png in Resources */ = {isa = PBXBuildFile; fileRef = 601EFCD3227F96A4001D676A /* yak.png */; };
		601EFCD6227F9E74001D676A /* Settings.storyboard in Resources */ = {isa = PBXBuildFile; fileRef = 601EFCD5227F9E74001D676A /* Settings.storyboard */; };
		60BF07E8227E3E6300F16721 /* ModalViewController.swift in Sources */ = {isa = PBXBuildFile; fileRef = 60BF07E7227E3E6300F16721 /* ModalViewController.swift */; };
		60EF0C4622765E0F00DEEB08 /* Map.storyboard in Resources */ = {isa = PBXBuildFile; fileRef = 60EF0C4522765E0F00DEEB08 /* Map.storyboard */; };
		71254DF896D72567B049E292 /* Pods_SnapYak.framework in Frameworks */ = {isa = PBXBuildFile; fileRef = A48FC5444C24AFECFA9540DF /* Pods_SnapYak.framework */; };
		9A0435C1226EA8A2009430AA /* CameraViewController.swift in Sources */ = {isa = PBXBuildFile; fileRef = 9A0435C0226EA8A2009430AA /* CameraViewController.swift */; };
		9A077B4E226E930400F6A273 /* MessageUpload.storyboard in Resources */ = {isa = PBXBuildFile; fileRef = 9A077B4D226E930400F6A273 /* MessageUpload.storyboard */; };
		9A077B52226E951700F6A273 /* GoogleService-Info.plist in Resources */ = {isa = PBXBuildFile; fileRef = 9A077B51226E951700F6A273 /* GoogleService-Info.plist */; };
		9A077B54226E95CD00F6A273 /* Main.storyboard in Resources */ = {isa = PBXBuildFile; fileRef = 9A077B53226E95CD00F6A273 /* Main.storyboard */; };
		9A68A808227F71B1003A6A12 /* DrawView.swift in Sources */ = {isa = PBXBuildFile; fileRef = 9A68A807227F71B1003A6A12 /* DrawView.swift */; };
		9A68A80A227F841E003A6A12 /* DrawViewController.swift in Sources */ = {isa = PBXBuildFile; fileRef = 9A68A809227F841E003A6A12 /* DrawViewController.swift */; };
		9A68A80C227FA3D9003A6A12 /* TextView.swift in Sources */ = {isa = PBXBuildFile; fileRef = 9A68A80B227FA3D9003A6A12 /* TextView.swift */; };
		9A68A80E227FA75E003A6A12 /* MessageUploadView.swift in Sources */ = {isa = PBXBuildFile; fileRef = 9A68A80D227FA75E003A6A12 /* MessageUploadView.swift */; };
		9AFFFC892272512500EF2CBA /* CameraController.swift in Sources */ = {isa = PBXBuildFile; fileRef = 9AFFFC882272512500EF2CBA /* CameraController.swift */; };
		AB17D067226E8CF800C1FBA5 /* Yak.swift in Sources */ = {isa = PBXBuildFile; fileRef = AB17D066226E8CF700C1FBA5 /* Yak.swift */; };
		AB46CCC7226D3B9800FB64D9 /* MessageCell.swift in Sources */ = {isa = PBXBuildFile; fileRef = AB46CCC6226D3B9800FB64D9 /* MessageCell.swift */; };
		AB84871E226511AC007E1862 /* AppDelegate.swift in Sources */ = {isa = PBXBuildFile; fileRef = AB84871D226511AC007E1862 /* AppDelegate.swift */; };
		AB848720226511AC007E1862 /* ViewController.swift in Sources */ = {isa = PBXBuildFile; fileRef = AB84871F226511AC007E1862 /* ViewController.swift */; };
		AB848723226511AC007E1862 /* List.storyboard in Resources */ = {isa = PBXBuildFile; fileRef = AB848721226511AC007E1862 /* List.storyboard */; };
		AB848725226511AD007E1862 /* Assets.xcassets in Resources */ = {isa = PBXBuildFile; fileRef = AB848724226511AD007E1862 /* Assets.xcassets */; };
		AB8487302265128F007E1862 /* MessagesListViewController.swift in Sources */ = {isa = PBXBuildFile; fileRef = AB84872F2265128F007E1862 /* MessagesListViewController.swift */; };
		AB848732226512A2007E1862 /* MapViewController.swift in Sources */ = {isa = PBXBuildFile; fileRef = AB848731226512A2007E1862 /* MapViewController.swift */; };
		AB8487342265131E007E1862 /* MessageViewController.swift in Sources */ = {isa = PBXBuildFile; fileRef = AB8487332265131E007E1862 /* MessageViewController.swift */; };
		AB84873622651335007E1862 /* MessageUploadViewController.swift in Sources */ = {isa = PBXBuildFile; fileRef = AB84873522651335007E1862 /* MessageUploadViewController.swift */; };
		AB8487382265135D007E1862 /* FirebaseModel.swift in Sources */ = {isa = PBXBuildFile; fileRef = AB8487372265135D007E1862 /* FirebaseModel.swift */; };
/* End PBXBuildFile section */

/* Begin PBXFileReference section */
		3DB89F70A578823552E44463 /* Pods-SnapYak.debug.xcconfig */ = {isa = PBXFileReference; includeInIndex = 1; lastKnownFileType = text.xcconfig; name = "Pods-SnapYak.debug.xcconfig"; path = "Target Support Files/Pods-SnapYak/Pods-SnapYak.debug.xcconfig"; sourceTree = "<group>"; };
		601EFCCD227F8D97001D676A /* MessageAnnotation.swift */ = {isa = PBXFileReference; lastKnownFileType = sourcecode.swift; path = MessageAnnotation.swift; sourceTree = "<group>"; };
		601EFCCF227F8DF2001D676A /* MessageAnnotationView.swift */ = {isa = PBXFileReference; lastKnownFileType = sourcecode.swift; path = MessageAnnotationView.swift; sourceTree = "<group>"; };
		601EFCD3227F96A4001D676A /* yak.png */ = {isa = PBXFileReference; lastKnownFileType = image.png; name = yak.png; path = ../../../../../../../../Downloads/yak.png; sourceTree = "<group>"; };
		601EFCD5227F9E74001D676A /* Settings.storyboard */ = {isa = PBXFileReference; lastKnownFileType = file.storyboard; path = Settings.storyboard; sourceTree = "<group>"; };
		60BF07E7227E3E6300F16721 /* ModalViewController.swift */ = {isa = PBXFileReference; lastKnownFileType = sourcecode.swift; path = ModalViewController.swift; sourceTree = "<group>"; };
		60EF0C4522765E0F00DEEB08 /* Map.storyboard */ = {isa = PBXFileReference; lastKnownFileType = file.storyboard; path = Map.storyboard; sourceTree = "<group>"; };
		8759574C1E27EE179FD18853 /* Pods-SnapYak.release.xcconfig */ = {isa = PBXFileReference; includeInIndex = 1; lastKnownFileType = text.xcconfig; name = "Pods-SnapYak.release.xcconfig"; path = "Target Support Files/Pods-SnapYak/Pods-SnapYak.release.xcconfig"; sourceTree = "<group>"; };
		9A0435C0226EA8A2009430AA /* CameraViewController.swift */ = {isa = PBXFileReference; lastKnownFileType = sourcecode.swift; path = CameraViewController.swift; sourceTree = "<group>"; };
		9A077B4D226E930400F6A273 /* MessageUpload.storyboard */ = {isa = PBXFileReference; lastKnownFileType = file.storyboard; path = MessageUpload.storyboard; sourceTree = "<group>"; };
		9A077B51226E951700F6A273 /* GoogleService-Info.plist */ = {isa = PBXFileReference; fileEncoding = 4; lastKnownFileType = text.plist.xml; path = "GoogleService-Info.plist"; sourceTree = "<group>"; };
		9A077B53226E95CD00F6A273 /* Main.storyboard */ = {isa = PBXFileReference; lastKnownFileType = file.storyboard; path = Main.storyboard; sourceTree = "<group>"; };
		9A68A807227F71B1003A6A12 /* DrawView.swift */ = {isa = PBXFileReference; lastKnownFileType = sourcecode.swift; path = DrawView.swift; sourceTree = "<group>"; };
		9A68A809227F841E003A6A12 /* DrawViewController.swift */ = {isa = PBXFileReference; lastKnownFileType = sourcecode.swift; path = DrawViewController.swift; sourceTree = "<group>"; };
		9A68A80B227FA3D9003A6A12 /* TextView.swift */ = {isa = PBXFileReference; lastKnownFileType = sourcecode.swift; path = TextView.swift; sourceTree = "<group>"; };
		9A68A80D227FA75E003A6A12 /* MessageUploadView.swift */ = {isa = PBXFileReference; lastKnownFileType = sourcecode.swift; path = MessageUploadView.swift; sourceTree = "<group>"; };
		9AFFFC882272512500EF2CBA /* CameraController.swift */ = {isa = PBXFileReference; lastKnownFileType = sourcecode.swift; path = CameraController.swift; sourceTree = "<group>"; };
		A48FC5444C24AFECFA9540DF /* Pods_SnapYak.framework */ = {isa = PBXFileReference; explicitFileType = wrapper.framework; includeInIndex = 0; path = Pods_SnapYak.framework; sourceTree = BUILT_PRODUCTS_DIR; };
		AB17D066226E8CF700C1FBA5 /* Yak.swift */ = {isa = PBXFileReference; fileEncoding = 4; lastKnownFileType = sourcecode.swift; path = Yak.swift; sourceTree = "<group>"; };
		AB46CCC6226D3B9800FB64D9 /* MessageCell.swift */ = {isa = PBXFileReference; lastKnownFileType = sourcecode.swift; path = MessageCell.swift; sourceTree = "<group>"; };
		AB84871A226511AB007E1862 /* SnapYak.app */ = {isa = PBXFileReference; explicitFileType = wrapper.application; includeInIndex = 0; path = SnapYak.app; sourceTree = BUILT_PRODUCTS_DIR; };
		AB84871D226511AC007E1862 /* AppDelegate.swift */ = {isa = PBXFileReference; lastKnownFileType = sourcecode.swift; path = AppDelegate.swift; sourceTree = "<group>"; };
		AB84871F226511AC007E1862 /* ViewController.swift */ = {isa = PBXFileReference; lastKnownFileType = sourcecode.swift; path = ViewController.swift; sourceTree = "<group>"; };
		AB848722226511AC007E1862 /* Base */ = {isa = PBXFileReference; lastKnownFileType = file.storyboard; name = Base; path = Base.lproj/List.storyboard; sourceTree = "<group>"; };
		AB848724226511AD007E1862 /* Assets.xcassets */ = {isa = PBXFileReference; lastKnownFileType = folder.assetcatalog; path = Assets.xcassets; sourceTree = "<group>"; };
		AB848729226511AD007E1862 /* Info.plist */ = {isa = PBXFileReference; lastKnownFileType = text.plist.xml; path = Info.plist; sourceTree = "<group>"; };
		AB84872F2265128F007E1862 /* MessagesListViewController.swift */ = {isa = PBXFileReference; lastKnownFileType = sourcecode.swift; path = MessagesListViewController.swift; sourceTree = "<group>"; };
		AB848731226512A2007E1862 /* MapViewController.swift */ = {isa = PBXFileReference; lastKnownFileType = sourcecode.swift; path = MapViewController.swift; sourceTree = "<group>"; };
		AB8487332265131E007E1862 /* MessageViewController.swift */ = {isa = PBXFileReference; lastKnownFileType = sourcecode.swift; path = MessageViewController.swift; sourceTree = "<group>"; };
		AB84873522651335007E1862 /* MessageUploadViewController.swift */ = {isa = PBXFileReference; lastKnownFileType = sourcecode.swift; path = MessageUploadViewController.swift; sourceTree = "<group>"; };
		AB8487372265135D007E1862 /* FirebaseModel.swift */ = {isa = PBXFileReference; lastKnownFileType = sourcecode.swift; path = FirebaseModel.swift; sourceTree = "<group>"; };
/* End PBXFileReference section */

/* Begin PBXFrameworksBuildPhase section */
		AB848717226511AB007E1862 /* Frameworks */ = {
			isa = PBXFrameworksBuildPhase;
			buildActionMask = 2147483647;
			files = (
				71254DF896D72567B049E292 /* Pods_SnapYak.framework in Frameworks */,
			);
			runOnlyForDeploymentPostprocessing = 0;
		};
/* End PBXFrameworksBuildPhase section */

/* Begin PBXGroup section */
		601EFCC6227E529D001D676A /* Recovered References */ = {
			isa = PBXGroup;
			children = (
			);
			name = "Recovered References";
			sourceTree = "<group>";
		};
		AB848711226511AB007E1862 = {
			isa = PBXGroup;
			children = (
				AB84871C226511AB007E1862 /* SnapYak */,
				AB84871B226511AB007E1862 /* Products */,
				EF79109B5749FD2FC4422E06 /* Pods */,
				F4A829E07D76E8CC408540FA /* Frameworks */,
				601EFCC6227E529D001D676A /* Recovered References */,
			);
			sourceTree = "<group>";
		};
		AB84871B226511AB007E1862 /* Products */ = {
			isa = PBXGroup;
			children = (
				AB84871A226511AB007E1862 /* SnapYak.app */,
			);
			name = Products;
			sourceTree = "<group>";
		};
		AB84871C226511AB007E1862 /* SnapYak */ = {
			isa = PBXGroup;
			children = (
				9A077B51226E951700F6A273 /* GoogleService-Info.plist */,
				AB848729226511AD007E1862 /* Info.plist */,
				9A077B53226E95CD00F6A273 /* Main.storyboard */,
				AB848721226511AC007E1862 /* List.storyboard */,
				9A077B4D226E930400F6A273 /* MessageUpload.storyboard */,
				60EF0C4522765E0F00DEEB08 /* Map.storyboard */,
				601EFCD5227F9E74001D676A /* Settings.storyboard */,
				AB84871D226511AC007E1862 /* AppDelegate.swift */,
				9AFFFC882272512500EF2CBA /* CameraController.swift */,
				9A0435C0226EA8A2009430AA /* CameraViewController.swift */,
				AB848731226512A2007E1862 /* MapViewController.swift */,
				601EFCCD227F8D97001D676A /* MessageAnnotation.swift */,
				601EFCCF227F8DF2001D676A /* MessageAnnotationView.swift */,
				AB84872F2265128F007E1862 /* MessagesListViewController.swift */,
				AB84873522651335007E1862 /* MessageUploadViewController.swift */,
				9A68A80D227FA75E003A6A12 /* MessageUploadView.swift */,
				9A68A807227F71B1003A6A12 /* DrawView.swift */,
				9A68A80B227FA3D9003A6A12 /* TextView.swift */,
				9A68A809227F841E003A6A12 /* DrawViewController.swift */,
				AB8487332265131E007E1862 /* MessageViewController.swift */,
				60BF07E7227E3E6300F16721 /* ModalViewController.swift */,
				AB84871F226511AC007E1862 /* ViewController.swift */,
				AB46CCC6226D3B9800FB64D9 /* MessageCell.swift */,
				AB8487372265135D007E1862 /* FirebaseModel.swift */,
				AB17D066226E8CF700C1FBA5 /* Yak.swift */,
				601EFCD3227F96A4001D676A /* yak.png */,
				AB848724226511AD007E1862 /* Assets.xcassets */,
			);
			path = SnapYak;
			sourceTree = "<group>";
		};
		EF79109B5749FD2FC4422E06 /* Pods */ = {
			isa = PBXGroup;
			children = (
				3DB89F70A578823552E44463 /* Pods-SnapYak.debug.xcconfig */,
				8759574C1E27EE179FD18853 /* Pods-SnapYak.release.xcconfig */,
			);
			path = Pods;
			sourceTree = "<group>";
		};
		F4A829E07D76E8CC408540FA /* Frameworks */ = {
			isa = PBXGroup;
			children = (
				A48FC5444C24AFECFA9540DF /* Pods_SnapYak.framework */,
			);
			name = Frameworks;
			sourceTree = "<group>";
		};
/* End PBXGroup section */

/* Begin PBXNativeTarget section */
		AB848719226511AB007E1862 /* SnapYak */ = {
			isa = PBXNativeTarget;
			buildConfigurationList = AB84872C226511AD007E1862 /* Build configuration list for PBXNativeTarget "SnapYak" */;
			buildPhases = (
				254BA3C85572578A8F831B05 /* [CP] Check Pods Manifest.lock */,
				AB848716226511AB007E1862 /* Sources */,
				AB848717226511AB007E1862 /* Frameworks */,
				AB848718226511AB007E1862 /* Resources */,
				44E1D8CD57E02168EA17179C /* [CP] Embed Pods Frameworks */,
			);
			buildRules = (
			);
			dependencies = (
			);
			name = SnapYak;
			productName = SnapYak;
			productReference = AB84871A226511AB007E1862 /* SnapYak.app */;
			productType = "com.apple.product-type.application";
		};
/* End PBXNativeTarget section */

/* Begin PBXProject section */
		AB848712226511AB007E1862 /* Project object */ = {
			isa = PBXProject;
			attributes = {
				LastSwiftUpdateCheck = 1010;
				LastUpgradeCheck = 1010;
				ORGANIZATIONNAME = group34;
				TargetAttributes = {
					AB848719226511AB007E1862 = {
						CreatedOnToolsVersion = 10.1;
					};
				};
			};
			buildConfigurationList = AB848715226511AB007E1862 /* Build configuration list for PBXProject "SnapYak" */;
			compatibilityVersion = "Xcode 9.3";
			developmentRegion = en;
			hasScannedForEncodings = 0;
			knownRegions = (
				en,
				Base,
			);
			mainGroup = AB848711226511AB007E1862;
			productRefGroup = AB84871B226511AB007E1862 /* Products */;
			projectDirPath = "";
			projectRoot = "";
			targets = (
				AB848719226511AB007E1862 /* SnapYak */,
			);
		};
/* End PBXProject section */

/* Begin PBXResourcesBuildPhase section */
		AB848718226511AB007E1862 /* Resources */ = {
			isa = PBXResourcesBuildPhase;
			buildActionMask = 2147483647;
			files = (
				601EFCD4227F96A4001D676A /* yak.png in Resources */,
				9A077B54226E95CD00F6A273 /* Main.storyboard in Resources */,
				60EF0C4622765E0F00DEEB08 /* Map.storyboard in Resources */,
				601EFCD6227F9E74001D676A /* Settings.storyboard in Resources */,
				9A077B4E226E930400F6A273 /* MessageUpload.storyboard in Resources */,
				9A077B52226E951700F6A273 /* GoogleService-Info.plist in Resources */,
				AB848725226511AD007E1862 /* Assets.xcassets in Resources */,
				AB848723226511AC007E1862 /* List.storyboard in Resources */,
			);
			runOnlyForDeploymentPostprocessing = 0;
		};
/* End PBXResourcesBuildPhase section */

/* Begin PBXShellScriptBuildPhase section */
		254BA3C85572578A8F831B05 /* [CP] Check Pods Manifest.lock */ = {
			isa = PBXShellScriptBuildPhase;
			buildActionMask = 2147483647;
			files = (
			);
			inputFileListPaths = (
			);
			inputPaths = (
				"${PODS_PODFILE_DIR_PATH}/Podfile.lock",
				"${PODS_ROOT}/Manifest.lock",
			);
			name = "[CP] Check Pods Manifest.lock";
			outputFileListPaths = (
			);
			outputPaths = (
				"$(DERIVED_FILE_DIR)/Pods-SnapYak-checkManifestLockResult.txt",
			);
			runOnlyForDeploymentPostprocessing = 0;
			shellPath = /bin/sh;
			shellScript = "diff \"${PODS_PODFILE_DIR_PATH}/Podfile.lock\" \"${PODS_ROOT}/Manifest.lock\" > /dev/null\nif [ $? != 0 ] ; then\n    # print error to STDERR\n    echo \"error: The sandbox is not in sync with the Podfile.lock. Run 'pod install' or update your CocoaPods installation.\" >&2\n    exit 1\nfi\n# This output is used by Xcode 'outputs' to avoid re-running this script phase.\necho \"SUCCESS\" > \"${SCRIPT_OUTPUT_FILE_0}\"\n";
			showEnvVarsInLog = 0;
		};
		44E1D8CD57E02168EA17179C /* [CP] Embed Pods Frameworks */ = {
			isa = PBXShellScriptBuildPhase;
			buildActionMask = 2147483647;
			files = (
			);
			inputFileListPaths = (
			);
			inputPaths = (
				"${PODS_ROOT}/Target Support Files/Pods-SnapYak/Pods-SnapYak-frameworks.sh",
				"${BUILT_PRODUCTS_DIR}/BoringSSL-GRPC/openssl_grpc.framework",
				"${BUILT_PRODUCTS_DIR}/GTMSessionFetcher/GTMSessionFetcher.framework",
				"${BUILT_PRODUCTS_DIR}/GoogleUtilities/GoogleUtilities.framework",
				"${BUILT_PRODUCTS_DIR}/Protobuf/Protobuf.framework",
				"${BUILT_PRODUCTS_DIR}/gRPC-C++/grpcpp.framework",
				"${BUILT_PRODUCTS_DIR}/gRPC-Core/grpc.framework",
				"${BUILT_PRODUCTS_DIR}/leveldb-library/leveldb.framework",
				"${BUILT_PRODUCTS_DIR}/nanopb/nanopb.framework",
			);
			name = "[CP] Embed Pods Frameworks";
			outputFileListPaths = (
			);
			outputPaths = (
				"${TARGET_BUILD_DIR}/${FRAMEWORKS_FOLDER_PATH}/openssl_grpc.framework",
				"${TARGET_BUILD_DIR}/${FRAMEWORKS_FOLDER_PATH}/GTMSessionFetcher.framework",
				"${TARGET_BUILD_DIR}/${FRAMEWORKS_FOLDER_PATH}/GoogleUtilities.framework",
				"${TARGET_BUILD_DIR}/${FRAMEWORKS_FOLDER_PATH}/Protobuf.framework",
				"${TARGET_BUILD_DIR}/${FRAMEWORKS_FOLDER_PATH}/grpcpp.framework",
				"${TARGET_BUILD_DIR}/${FRAMEWORKS_FOLDER_PATH}/grpc.framework",
				"${TARGET_BUILD_DIR}/${FRAMEWORKS_FOLDER_PATH}/leveldb.framework",
				"${TARGET_BUILD_DIR}/${FRAMEWORKS_FOLDER_PATH}/nanopb.framework",
			);
			runOnlyForDeploymentPostprocessing = 0;
			shellPath = /bin/sh;
			shellScript = "\"${PODS_ROOT}/Target Support Files/Pods-SnapYak/Pods-SnapYak-frameworks.sh\"\n";
			showEnvVarsInLog = 0;
		};
/* End PBXShellScriptBuildPhase section */

/* Begin PBXSourcesBuildPhase section */
		AB848716226511AB007E1862 /* Sources */ = {
			isa = PBXSourcesBuildPhase;
			buildActionMask = 2147483647;
			files = (
				AB848720226511AC007E1862 /* ViewController.swift in Sources */,
				601EFCCE227F8D97001D676A /* MessageAnnotation.swift in Sources */,
				9A0435C1226EA8A2009430AA /* CameraViewController.swift in Sources */,
				AB46CCC7226D3B9800FB64D9 /* MessageCell.swift in Sources */,
				AB84871E226511AC007E1862 /* AppDelegate.swift in Sources */,
				9A68A80A227F841E003A6A12 /* DrawViewController.swift in Sources */,
				60BF07E8227E3E6300F16721 /* ModalViewController.swift in Sources */,
				AB8487302265128F007E1862 /* MessagesListViewController.swift in Sources */,
				9A68A80E227FA75E003A6A12 /* MessageUploadView.swift in Sources */,
				601EFCD0227F8DF2001D676A /* MessageAnnotationView.swift in Sources */,
				AB84873622651335007E1862 /* MessageUploadViewController.swift in Sources */,
				9AFFFC892272512500EF2CBA /* CameraController.swift in Sources */,
				9A68A80C227FA3D9003A6A12 /* TextView.swift in Sources */,
				9A68A808227F71B1003A6A12 /* DrawView.swift in Sources */,
				AB848732226512A2007E1862 /* MapViewController.swift in Sources */,
				AB8487342265131E007E1862 /* MessageViewController.swift in Sources */,
				AB17D067226E8CF800C1FBA5 /* Yak.swift in Sources */,
				AB8487382265135D007E1862 /* FirebaseModel.swift in Sources */,
			);
			runOnlyForDeploymentPostprocessing = 0;
		};
/* End PBXSourcesBuildPhase section */

/* Begin PBXVariantGroup section */
		AB848721226511AC007E1862 /* List.storyboard */ = {
			isa = PBXVariantGroup;
			children = (
				AB848722226511AC007E1862 /* Base */,
			);
			name = List.storyboard;
			sourceTree = "<group>";
		};
/* End PBXVariantGroup section */

/* Begin XCBuildConfiguration section */
		AB84872A226511AD007E1862 /* Debug */ = {
			isa = XCBuildConfiguration;
			buildSettings = {
				ALWAYS_SEARCH_USER_PATHS = NO;
				CLANG_ANALYZER_NONNULL = YES;
				CLANG_ANALYZER_NUMBER_OBJECT_CONVERSION = YES_AGGRESSIVE;
				CLANG_CXX_LANGUAGE_STANDARD = "gnu++14";
				CLANG_CXX_LIBRARY = "libc++";
				CLANG_ENABLE_MODULES = YES;
				CLANG_ENABLE_OBJC_ARC = YES;
				CLANG_ENABLE_OBJC_WEAK = YES;
				CLANG_WARN_BLOCK_CAPTURE_AUTORELEASING = YES;
				CLANG_WARN_BOOL_CONVERSION = YES;
				CLANG_WARN_COMMA = YES;
				CLANG_WARN_CONSTANT_CONVERSION = YES;
				CLANG_WARN_DEPRECATED_OBJC_IMPLEMENTATIONS = YES;
				CLANG_WARN_DIRECT_OBJC_ISA_USAGE = YES_ERROR;
				CLANG_WARN_DOCUMENTATION_COMMENTS = YES;
				CLANG_WARN_EMPTY_BODY = YES;
				CLANG_WARN_ENUM_CONVERSION = YES;
				CLANG_WARN_INFINITE_RECURSION = YES;
				CLANG_WARN_INT_CONVERSION = YES;
				CLANG_WARN_NON_LITERAL_NULL_CONVERSION = YES;
				CLANG_WARN_OBJC_IMPLICIT_RETAIN_SELF = YES;
				CLANG_WARN_OBJC_LITERAL_CONVERSION = YES;
				CLANG_WARN_OBJC_ROOT_CLASS = YES_ERROR;
				CLANG_WARN_RANGE_LOOP_ANALYSIS = YES;
				CLANG_WARN_STRICT_PROTOTYPES = YES;
				CLANG_WARN_SUSPICIOUS_MOVE = YES;
				CLANG_WARN_UNGUARDED_AVAILABILITY = YES_AGGRESSIVE;
				CLANG_WARN_UNREACHABLE_CODE = YES;
				CLANG_WARN__DUPLICATE_METHOD_MATCH = YES;
				CODE_SIGN_IDENTITY = "iPhone Developer";
				COPY_PHASE_STRIP = NO;
				DEBUG_INFORMATION_FORMAT = dwarf;
				ENABLE_STRICT_OBJC_MSGSEND = YES;
				ENABLE_TESTABILITY = YES;
				GCC_C_LANGUAGE_STANDARD = gnu11;
				GCC_DYNAMIC_NO_PIC = NO;
				GCC_NO_COMMON_BLOCKS = YES;
				GCC_OPTIMIZATION_LEVEL = 0;
				GCC_PREPROCESSOR_DEFINITIONS = (
					"DEBUG=1",
					"$(inherited)",
				);
				GCC_WARN_64_TO_32_BIT_CONVERSION = YES;
				GCC_WARN_ABOUT_RETURN_TYPE = YES_ERROR;
				GCC_WARN_UNDECLARED_SELECTOR = YES;
				GCC_WARN_UNINITIALIZED_AUTOS = YES_AGGRESSIVE;
				GCC_WARN_UNUSED_FUNCTION = YES;
				GCC_WARN_UNUSED_VARIABLE = YES;
				IPHONEOS_DEPLOYMENT_TARGET = 12.1;
				MTL_ENABLE_DEBUG_INFO = INCLUDE_SOURCE;
				MTL_FAST_MATH = YES;
				ONLY_ACTIVE_ARCH = YES;
				SDKROOT = iphoneos;
				SWIFT_ACTIVE_COMPILATION_CONDITIONS = DEBUG;
				SWIFT_OPTIMIZATION_LEVEL = "-Onone";
			};
			name = Debug;
		};
		AB84872B226511AD007E1862 /* Release */ = {
			isa = XCBuildConfiguration;
			buildSettings = {
				ALWAYS_SEARCH_USER_PATHS = NO;
				CLANG_ANALYZER_NONNULL = YES;
				CLANG_ANALYZER_NUMBER_OBJECT_CONVERSION = YES_AGGRESSIVE;
				CLANG_CXX_LANGUAGE_STANDARD = "gnu++14";
				CLANG_CXX_LIBRARY = "libc++";
				CLANG_ENABLE_MODULES = YES;
				CLANG_ENABLE_OBJC_ARC = YES;
				CLANG_ENABLE_OBJC_WEAK = YES;
				CLANG_WARN_BLOCK_CAPTURE_AUTORELEASING = YES;
				CLANG_WARN_BOOL_CONVERSION = YES;
				CLANG_WARN_COMMA = YES;
				CLANG_WARN_CONSTANT_CONVERSION = YES;
				CLANG_WARN_DEPRECATED_OBJC_IMPLEMENTATIONS = YES;
				CLANG_WARN_DIRECT_OBJC_ISA_USAGE = YES_ERROR;
				CLANG_WARN_DOCUMENTATION_COMMENTS = YES;
				CLANG_WARN_EMPTY_BODY = YES;
				CLANG_WARN_ENUM_CONVERSION = YES;
				CLANG_WARN_INFINITE_RECURSION = YES;
				CLANG_WARN_INT_CONVERSION = YES;
				CLANG_WARN_NON_LITERAL_NULL_CONVERSION = YES;
				CLANG_WARN_OBJC_IMPLICIT_RETAIN_SELF = YES;
				CLANG_WARN_OBJC_LITERAL_CONVERSION = YES;
				CLANG_WARN_OBJC_ROOT_CLASS = YES_ERROR;
				CLANG_WARN_RANGE_LOOP_ANALYSIS = YES;
				CLANG_WARN_STRICT_PROTOTYPES = YES;
				CLANG_WARN_SUSPICIOUS_MOVE = YES;
				CLANG_WARN_UNGUARDED_AVAILABILITY = YES_AGGRESSIVE;
				CLANG_WARN_UNREACHABLE_CODE = YES;
				CLANG_WARN__DUPLICATE_METHOD_MATCH = YES;
				CODE_SIGN_IDENTITY = "iPhone Developer";
				COPY_PHASE_STRIP = NO;
				DEBUG_INFORMATION_FORMAT = "dwarf-with-dsym";
				ENABLE_NS_ASSERTIONS = NO;
				ENABLE_STRICT_OBJC_MSGSEND = YES;
				GCC_C_LANGUAGE_STANDARD = gnu11;
				GCC_NO_COMMON_BLOCKS = YES;
				GCC_WARN_64_TO_32_BIT_CONVERSION = YES;
				GCC_WARN_ABOUT_RETURN_TYPE = YES_ERROR;
				GCC_WARN_UNDECLARED_SELECTOR = YES;
				GCC_WARN_UNINITIALIZED_AUTOS = YES_AGGRESSIVE;
				GCC_WARN_UNUSED_FUNCTION = YES;
				GCC_WARN_UNUSED_VARIABLE = YES;
				IPHONEOS_DEPLOYMENT_TARGET = 12.1;
				MTL_ENABLE_DEBUG_INFO = NO;
				MTL_FAST_MATH = YES;
				SDKROOT = iphoneos;
				SWIFT_COMPILATION_MODE = wholemodule;
				SWIFT_OPTIMIZATION_LEVEL = "-O";
				VALIDATE_PRODUCT = YES;
			};
			name = Release;
		};
		AB84872D226511AD007E1862 /* Debug */ = {
			isa = XCBuildConfiguration;
			baseConfigurationReference = 3DB89F70A578823552E44463 /* Pods-SnapYak.debug.xcconfig */;
			buildSettings = {
				ASSETCATALOG_COMPILER_APPICON_NAME = AppIcon;
				CODE_SIGN_STYLE = Automatic;
				DEVELOPMENT_TEAM = HV4B5F752N;
				INFOPLIST_FILE = SnapYak/Info.plist;
				IPHONEOS_DEPLOYMENT_TARGET = 11.4;
				LD_RUNPATH_SEARCH_PATHS = (
					"$(inherited)",
					"@executable_path/Frameworks",
				);
				PRODUCT_BUNDLE_IDENTIFIER = group34.SnapYak1;
				PRODUCT_NAME = "$(TARGET_NAME)";
				SWIFT_VERSION = 4.2;
				TARGETED_DEVICE_FAMILY = "1,2";
			};
			name = Debug;
		};
		AB84872E226511AD007E1862 /* Release */ = {
			isa = XCBuildConfiguration;
			baseConfigurationReference = 8759574C1E27EE179FD18853 /* Pods-SnapYak.release.xcconfig */;
			buildSettings = {
				ASSETCATALOG_COMPILER_APPICON_NAME = AppIcon;
				CODE_SIGN_STYLE = Automatic;
				DEVELOPMENT_TEAM = HV4B5F752N;
				INFOPLIST_FILE = SnapYak/Info.plist;
				IPHONEOS_DEPLOYMENT_TARGET = 11.4;
				LD_RUNPATH_SEARCH_PATHS = (
					"$(inherited)",
					"@executable_path/Frameworks",
				);
				PRODUCT_BUNDLE_IDENTIFIER = group34.SnapYak1;
				PRODUCT_NAME = "$(TARGET_NAME)";
				SWIFT_VERSION = 4.2;
				TARGETED_DEVICE_FAMILY = "1,2";
			};
			name = Release;
		};
/* End XCBuildConfiguration section */

/* Begin XCConfigurationList section */
		AB848715226511AB007E1862 /* Build configuration list for PBXProject "SnapYak" */ = {
			isa = XCConfigurationList;
			buildConfigurations = (
				AB84872A226511AD007E1862 /* Debug */,
				AB84872B226511AD007E1862 /* Release */,
			);
			defaultConfigurationIsVisible = 0;
			defaultConfigurationName = Release;
		};
		AB84872C226511AD007E1862 /* Build configuration list for PBXNativeTarget "SnapYak" */ = {
			isa = XCConfigurationList;
			buildConfigurations = (
				AB84872D226511AD007E1862 /* Debug */,
				AB84872E226511AD007E1862 /* Release */,
			);
			defaultConfigurationIsVisible = 0;
			defaultConfigurationName = Release;
		};
/* End XCConfigurationList section */
	};
	rootObject = AB848712226511AB007E1862 /* Project object */;
}
